
Microsoft Visual Studio Solution File, Format Version 12.00
# Visual Studio Version 16
VisualStudioVersion = 16.0.31729.503
MinimumVisualStudioVersion = 10.0.40219.1
Project("{FAE04EC0-301F-11D3-BF4B-00C04F79EFBC}") = "Radiant", "Radiant\Radiant.csproj", "{C5F38C58-F070-429D-A3BD-4052E8A731CA}"
EndProject
Global
	GlobalSection(SolutionProperties) = preSolution
		HideSolutionNode = FALSE
	EndGlobalSection
	GlobalSection(ExtensibilityGlobals) = postSolution
		SolutionGuid = {B10FA00A-ADA7-4C35-9C55-D53ECE07E0FA}
	EndGlobalSection
	GlobalSection(SolutionConfigurationPlatforms) = preSolution
		Debug|Any CPU = Debug|Any CPU
		Debug|x64 = Debug|x64
		Debug|x86 = Debug|x86
		Release|Any CPU = Release|Any CPU
		Release|x64 = Release|x64
		Release|x86 = Release|x86
	EndGlobalSection
	GlobalSection(ProjectConfigurationPlatforms) = postSolution
		{C5F38C58-F070-429D-A3BD-4052E8A731CA}.Debug|Any CPU.ActiveCfg = Debug|Any CPU
		{C5F38C58-F070-429D-A3BD-4052E8A731CA}.Debug|Any CPU.Build.0 = Debug|Any CPU
		{C5F38C58-F070-429D-A3BD-4052E8A731CA}.Debug|x64.ActiveCfg = Debug|Any CPU
		{C5F38C58-F070-429D-A3BD-4052E8A731CA}.Debug|x64.Build.0 = Debug|Any CPU
		{C5F38C58-F070-429D-A3BD-4052E8A731CA}.Debug|x86.ActiveCfg = Debug|Any CPU
		{C5F38C58-F070-429D-A3BD-4052E8A731CA}.Debug|x86.Build.0 = Debug|Any CPU
		{C5F38C58-F070-429D-A3BD-4052E8A731CA}.Release|Any CPU.ActiveCfg = Release|Any CPU
		{C5F38C58-F070-429D-A3BD-4052E8A731CA}.Release|Any CPU.Build.0 = Release|Any CPU
		{C5F38C58-F070-429D-A3BD-4052E8A731CA}.Release|x64.ActiveCfg = Release|Any CPU
		{C5F38C58-F070-429D-A3BD-4052E8A731CA}.Release|x64.Build.0 = Release|Any CPU
		{C5F38C58-F070-429D-A3BD-4052E8A731CA}.Release|x86.ActiveCfg = Release|Any CPU
		{C5F38C58-F070-429D-A3BD-4052E8A731CA}.Release|x86.Build.0 = Release|Any CPU
	EndGlobalSection
EndGlobal
